// !$*UTF8*$!
{
	archiveVersion = 1;
	classes = {
	};
	objectVersion = 46;
	objects = {

/* Begin PBXBuildFile section */
		B6026C721DC1AE6F004B86CA /* AhaLineView.m in Sources */ = {isa = PBXBuildFile; fileRef = B6026C711DC1AE6F004B86CA /* AhaLineView.m */; };
		B6754FBE1C196A710014C80F /* main.m in Sources */ = {isa = PBXBuildFile; fileRef = B6754FBD1C196A710014C80F /* main.m */; };
		B6754FC11C196A710014C80F /* AppDelegate.m in Sources */ = {isa = PBXBuildFile; fileRef = B6754FC01C196A710014C80F /* AppDelegate.m */; };
		B6754FC41C196A710014C80F /* GroupViewController.m in Sources */ = {isa = PBXBuildFile; fileRef = B6754FC31C196A710014C80F /* GroupViewController.m */; };
		B6754FC91C196A710014C80F /* Assets.xcassets in Resources */ = {isa = PBXBuildFile; fileRef = B6754FC81C196A710014C80F /* Assets.xcassets */; };
		B6754FCC1C196A710014C80F /* LaunchScreen.storyboard in Resources */ = {isa = PBXBuildFile; fileRef = B6754FCA1C196A710014C80F /* LaunchScreen.storyboard */; };
		B6754FD91C196F5C0014C80F /* TestTableViewCell.m in Sources */ = {isa = PBXBuildFile; fileRef = B6754FD71C196F5C0014C80F /* TestTableViewCell.m */; };
		B6754FDA1C196F5C0014C80F /* TestTableViewCell.xib in Resources */ = {isa = PBXBuildFile; fileRef = B6754FD81C196F5C0014C80F /* TestTableViewCell.xib */; };
		B68619551C8D4C5D00A5A4C1 /* HomeViewController.m in Sources */ = {isa = PBXBuildFile; fileRef = B68619531C8D4C5D00A5A4C1 /* HomeViewController.m */; };
		B68619561C8D4C5D00A5A4C1 /* HomeViewController.xib in Resources */ = {isa = PBXBuildFile; fileRef = B68619541C8D4C5D00A5A4C1 /* HomeViewController.xib */; };
		B68619591C8D4DF300A5A4C1 /* PlainViewController.m in Sources */ = {isa = PBXBuildFile; fileRef = B68619581C8D4DF300A5A4C1 /* PlainViewController.m */; };
		B686195F1C8D5F2800A5A4C1 /* UITableView+AhaLine.m in Sources */ = {isa = PBXBuildFile; fileRef = B686195C1C8D5F2800A5A4C1 /* UITableView+AhaLine.m */; };
		B68619601C8D5F2800A5A4C1 /* UITableViewCell+AhaLine.m in Sources */ = {isa = PBXBuildFile; fileRef = B686195E1C8D5F2800A5A4C1 /* UITableViewCell+AhaLine.m */; };
		B975BBC887C9359E1E228965 /* libPods-AhaLineTableViewCell.a in Frameworks */ = {isa = PBXBuildFile; fileRef = FF9248CE44BB007EBDE86B46 /* libPods-AhaLineTableViewCell.a */; };
/* End PBXBuildFile section */

/* Begin PBXFileReference section */
		482C2C2252110FEE450000F8 /* Pods-AhaLineTableViewCell.release.xcconfig */ = {isa = PBXFileReference; includeInIndex = 1; lastKnownFileType = text.xcconfig; name = "Pods-AhaLineTableViewCell.release.xcconfig"; path = "Pods/Target Support Files/Pods-AhaLineTableViewCell/Pods-AhaLineTableViewCell.release.xcconfig"; sourceTree = "<group>"; };
		91E03230F831EE2BF75CBBCB /* Pods-AhaLineTableViewCell.debug.xcconfig */ = {isa = PBXFileReference; includeInIndex = 1; lastKnownFileType = text.xcconfig; name = "Pods-AhaLineTableViewCell.debug.xcconfig"; path = "Pods/Target Support Files/Pods-AhaLineTableViewCell/Pods-AhaLineTableViewCell.debug.xcconfig"; sourceTree = "<group>"; };
		B6026C701DC1AE6F004B86CA /* AhaLineView.h */ = {isa = PBXFileReference; fileEncoding = 4; lastKnownFileType = sourcecode.c.h; path = AhaLineView.h; sourceTree = "<group>"; };
		B6026C711DC1AE6F004B86CA /* AhaLineView.m */ = {isa = PBXFileReference; fileEncoding = 4; lastKnownFileType = sourcecode.c.objc; path = AhaLineView.m; sourceTree = "<group>"; };
		B6754FB91C196A710014C80F /* AhaLineTableViewCell.app */ = {isa = PBXFileReference; explicitFileType = wrapper.application; includeInIndex = 0; path = AhaLineTableViewCell.app; sourceTree = BUILT_PRODUCTS_DIR; };
		B6754FBD1C196A710014C80F /* main.m */ = {isa = PBXFileReference; lastKnownFileType = sourcecode.c.objc; path = main.m; sourceTree = "<group>"; };
		B6754FBF1C196A710014C80F /* AppDelegate.h */ = {isa = PBXFileReference; lastKnownFileType = sourcecode.c.h; path = AppDelegate.h; sourceTree = "<group>"; };
		B6754FC01C196A710014C80F /* AppDelegate.m */ = {isa = PBXFileReference; lastKnownFileType = sourcecode.c.objc; path = AppDelegate.m; sourceTree = "<group>"; };
		B6754FC21C196A710014C80F /* GroupViewController.h */ = {isa = PBXFileReference; lastKnownFileType = sourcecode.c.h; path = GroupViewController.h; sourceTree = "<group>"; };
		B6754FC31C196A710014C80F /* GroupViewController.m */ = {isa = PBXFileReference; lastKnownFileType = sourcecode.c.objc; path = GroupViewController.m; sourceTree = "<group>"; };
		B6754FC81C196A710014C80F /* Assets.xcassets */ = {isa = PBXFileReference; lastKnownFileType = folder.assetcatalog; path = Assets.xcassets; sourceTree = "<group>"; };
		B6754FCB1C196A710014C80F /* Base */ = {isa = PBXFileReference; lastKnownFileType = file.storyboard; name = Base; path = Base.lproj/LaunchScreen.storyboard; sourceTree = "<group>"; };
		B6754FCD1C196A710014C80F /* Info.plist */ = {isa = PBXFileReference; lastKnownFileType = text.plist.xml; path = Info.plist; sourceTree = "<group>"; };
		B6754FD61C196F5C0014C80F /* TestTableViewCell.h */ = {isa = PBXFileReference; fileEncoding = 4; lastKnownFileType = sourcecode.c.h; path = TestTableViewCell.h; sourceTree = "<group>"; };
		B6754FD71C196F5C0014C80F /* TestTableViewCell.m */ = {isa = PBXFileReference; fileEncoding = 4; lastKnownFileType = sourcecode.c.objc; path = TestTableViewCell.m; sourceTree = "<group>"; };
		B6754FD81C196F5C0014C80F /* TestTableViewCell.xib */ = {isa = PBXFileReference; fileEncoding = 4; lastKnownFileType = file.xib; path = TestTableViewCell.xib; sourceTree = "<group>"; };
		B686194E1C8D332600A5A4C1 /* Common.h */ = {isa = PBXFileReference; lastKnownFileType = sourcecode.c.h; path = Common.h; sourceTree = "<group>"; };
		B68619521C8D4C5D00A5A4C1 /* HomeViewController.h */ = {isa = PBXFileReference; fileEncoding = 4; lastKnownFileType = sourcecode.c.h; path = HomeViewController.h; sourceTree = "<group>"; };
		B68619531C8D4C5D00A5A4C1 /* HomeViewController.m */ = {isa = PBXFileReference; fileEncoding = 4; lastKnownFileType = sourcecode.c.objc; path = HomeViewController.m; sourceTree = "<group>"; };
		B68619541C8D4C5D00A5A4C1 /* HomeViewController.xib */ = {isa = PBXFileReference; fileEncoding = 4; lastKnownFileType = file.xib; path = HomeViewController.xib; sourceTree = "<group>"; };
		B68619571C8D4DF300A5A4C1 /* PlainViewController.h */ = {isa = PBXFileReference; fileEncoding = 4; lastKnownFileType = sourcecode.c.h; path = PlainViewController.h; sourceTree = "<group>"; };
		B68619581C8D4DF300A5A4C1 /* PlainViewController.m */ = {isa = PBXFileReference; fileEncoding = 4; lastKnownFileType = sourcecode.c.objc; path = PlainViewController.m; sourceTree = "<group>"; };
		B686195B1C8D5F2800A5A4C1 /* UITableView+AhaLine.h */ = {isa = PBXFileReference; fileEncoding = 4; lastKnownFileType = sourcecode.c.h; path = "UITableView+AhaLine.h"; sourceTree = "<group>"; };
		B686195C1C8D5F2800A5A4C1 /* UITableView+AhaLine.m */ = {isa = PBXFileReference; fileEncoding = 4; lastKnownFileType = sourcecode.c.objc; path = "UITableView+AhaLine.m"; sourceTree = "<group>"; };
		B686195D1C8D5F2800A5A4C1 /* UITableViewCell+AhaLine.h */ = {isa = PBXFileReference; fileEncoding = 4; lastKnownFileType = sourcecode.c.h; path = "UITableViewCell+AhaLine.h"; sourceTree = "<group>"; };
		B686195E1C8D5F2800A5A4C1 /* UITableViewCell+AhaLine.m */ = {isa = PBXFileReference; fileEncoding = 4; lastKnownFileType = sourcecode.c.objc; path = "UITableViewCell+AhaLine.m"; sourceTree = "<group>"; };
		FF9248CE44BB007EBDE86B46 /* libPods-AhaLineTableViewCell.a */ = {isa = PBXFileReference; explicitFileType = archive.ar; includeInIndex = 0; path = "libPods-AhaLineTableViewCell.a"; sourceTree = BUILT_PRODUCTS_DIR; };
/* End PBXFileReference section */

/* Begin PBXFrameworksBuildPhase section */
		B6754FB61C196A710014C80F /* Frameworks */ = {
			isa = PBXFrameworksBuildPhase;
			buildActionMask = 2147483647;
			files = (
				B975BBC887C9359E1E228965 /* libPods-AhaLineTableViewCell.a in Frameworks */,
			);
			runOnlyForDeploymentPostprocessing = 0;
		};
/* End PBXFrameworksBuildPhase section */

/* Begin PBXGroup section */
		4E4D0B28DA3842E1070C4AB5 /* Frameworks */ = {
			isa = PBXGroup;
			children = (
				FF9248CE44BB007EBDE86B46 /* libPods-AhaLineTableViewCell.a */,
			);
			name = Frameworks;
			sourceTree = "<group>";
		};
		54E576F6DA3F6C18B62E737C /* Pods */ = {
			isa = PBXGroup;
			children = (
				91E03230F831EE2BF75CBBCB /* Pods-AhaLineTableViewCell.debug.xcconfig */,
				482C2C2252110FEE450000F8 /* Pods-AhaLineTableViewCell.release.xcconfig */,
			);
			name = Pods;
			sourceTree = "<group>";
		};
		B6754FB01C196A710014C80F = {
			isa = PBXGroup;
			children = (
				B686195A1C8D5F2800A5A4C1 /* AhaLine */,
				B6754FBB1C196A710014C80F /* AhaLineTableViewCell */,
				B6754FBA1C196A710014C80F /* Products */,
				54E576F6DA3F6C18B62E737C /* Pods */,
				4E4D0B28DA3842E1070C4AB5 /* Frameworks */,
			);
			sourceTree = "<group>";
		};
		B6754FBA1C196A710014C80F /* Products */ = {
			isa = PBXGroup;
			children = (
				B6754FB91C196A710014C80F /* AhaLineTableViewCell.app */,
			);
			name = Products;
			sourceTree = "<group>";
		};
		B6754FBB1C196A710014C80F /* AhaLineTableViewCell */ = {
			isa = PBXGroup;
			children = (
				B6754FBF1C196A710014C80F /* AppDelegate.h */,
				B6754FC01C196A710014C80F /* AppDelegate.m */,
				B68619521C8D4C5D00A5A4C1 /* HomeViewController.h */,
				B68619531C8D4C5D00A5A4C1 /* HomeViewController.m */,
				B68619541C8D4C5D00A5A4C1 /* HomeViewController.xib */,
				B6754FC21C196A710014C80F /* GroupViewController.h */,
				B6754FC31C196A710014C80F /* GroupViewController.m */,
				B68619571C8D4DF300A5A4C1 /* PlainViewController.h */,
				B68619581C8D4DF300A5A4C1 /* PlainViewController.m */,
				B6754FD61C196F5C0014C80F /* TestTableViewCell.h */,
				B6754FD71C196F5C0014C80F /* TestTableViewCell.m */,
				B6754FD81C196F5C0014C80F /* TestTableViewCell.xib */,
				B6754FC81C196A710014C80F /* Assets.xcassets */,
				B6754FCA1C196A710014C80F /* LaunchScreen.storyboard */,
				B6754FCD1C196A710014C80F /* Info.plist */,
				B6754FBC1C196A710014C80F /* Supporting Files */,
				B686194E1C8D332600A5A4C1 /* Common.h */,
			);
			path = AhaLineTableViewCell;
			sourceTree = "<group>";
		};
		B6754FBC1C196A710014C80F /* Supporting Files */ = {
			isa = PBXGroup;
			children = (
				B6754FBD1C196A710014C80F /* main.m */,
			);
			name = "Supporting Files";
			sourceTree = "<group>";
		};
		B686195A1C8D5F2800A5A4C1 /* AhaLine */ = {
			isa = PBXGroup;
			children = (
				B686195B1C8D5F2800A5A4C1 /* UITableView+AhaLine.h */,
				B686195C1C8D5F2800A5A4C1 /* UITableView+AhaLine.m */,
				B686195D1C8D5F2800A5A4C1 /* UITableViewCell+AhaLine.h */,
				B686195E1C8D5F2800A5A4C1 /* UITableViewCell+AhaLine.m */,
				B6026C701DC1AE6F004B86CA /* AhaLineView.h */,
				B6026C711DC1AE6F004B86CA /* AhaLineView.m */,
			);
			path = AhaLine;
			sourceTree = "<group>";
		};
/* End PBXGroup section */

/* Begin PBXNativeTarget section */
		B6754FB81C196A710014C80F /* AhaLineTableViewCell */ = {
			isa = PBXNativeTarget;
			buildConfigurationList = B6754FD01C196A710014C80F /* Build configuration list for PBXNativeTarget "AhaLineTableViewCell" */;
			buildPhases = (
				EBBDA455D32BA3A4BAAA707A /* [CP] Check Pods Manifest.lock */,
				B6754FB51C196A710014C80F /* Sources */,
				B6754FB61C196A710014C80F /* Frameworks */,
				B6754FB71C196A710014C80F /* Resources */,
				1D869EBA496C61DD0B82BA1F /* [CP] Embed Pods Frameworks */,
				C0E05691A6E5F00553735459 /* [CP] Copy Pods Resources */,
			);
			buildRules = (
			);
			dependencies = (
			);
			name = AhaLineTableViewCell;
			productName = AhaLineTableViewCell;
			productReference = B6754FB91C196A710014C80F /* AhaLineTableViewCell.app */;
			productType = "com.apple.product-type.application";
		};
/* End PBXNativeTarget section */

/* Begin PBXProject section */
		B6754FB11C196A710014C80F /* Project object */ = {
			isa = PBXProject;
			attributes = {
				LastUpgradeCheck = 0720;
				ORGANIZATIONNAME = livv;
				TargetAttributes = {
					B6754FB81C196A710014C80F = {
						CreatedOnToolsVersion = 7.2;
					};
				};
			};
			buildConfigurationList = B6754FB41C196A710014C80F /* Build configuration list for PBXProject "AhaLineTableViewCell" */;
			compatibilityVersion = "Xcode 3.2";
			developmentRegion = English;
			hasScannedForEncodings = 0;
			knownRegions = (
				en,
				Base,
			);
			mainGroup = B6754FB01C196A710014C80F;
			productRefGroup = B6754FBA1C196A710014C80F /* Products */;
			projectDirPath = "";
			projectRoot = "";
			targets = (
				B6754FB81C196A710014C80F /* AhaLineTableViewCell */,
			);
		};
/* End PBXProject section */

/* Begin PBXResourcesBuildPhase section */
		B6754FB71C196A710014C80F /* Resources */ = {
			isa = PBXResourcesBuildPhase;
			buildActionMask = 2147483647;
			files = (
				B6754FCC1C196A710014C80F /* LaunchScreen.storyboard in Resources */,
				B6754FDA1C196F5C0014C80F /* TestTableViewCell.xib in Resources */,
				B6754FC91C196A710014C80F /* Assets.xcassets in Resources */,
				B68619561C8D4C5D00A5A4C1 /* HomeViewController.xib in Resources */,
			);
			runOnlyForDeploymentPostprocessing = 0;
		};
/* End PBXResourcesBuildPhase section */

/* Begin PBXShellScriptBuildPhase section */
		1D869EBA496C61DD0B82BA1F /* [CP] Embed Pods Frameworks */ = {
			isa = PBXShellScriptBuildPhase;
			buildActionMask = 2147483647;
			files = (
			);
			inputPaths = (
			);
			name = "[CP] Embed Pods Frameworks";
			outputPaths = (
			);
			runOnlyForDeploymentPostprocessing = 0;
			shellPath = /bin/sh;
			shellScript = "\"${SRCROOT}/Pods/Target Support Files/Pods-AhaLineTableViewCell/Pods-AhaLineTableViewCell-frameworks.sh\"\n";
			showEnvVarsInLog = 0;
		};
		C0E05691A6E5F00553735459 /* [CP] Copy Pods Resources */ = {
			isa = PBXShellScriptBuildPhase;
			buildActionMask = 2147483647;
			files = (
			);
			inputPaths = (
			);
			name = "[CP] Copy Pods Resources";
			outputPaths = (
			);
			runOnlyForDeploymentPostprocessing = 0;
			shellPath = /bin/sh;
			shellScript = "\"${SRCROOT}/Pods/Target Support Files/Pods-AhaLineTableViewCell/Pods-AhaLineTableViewCell-resources.sh\"\n";
			showEnvVarsInLog = 0;
		};
		EBBDA455D32BA3A4BAAA707A /* [CP] Check Pods Manifest.lock */ = {
			isa = PBXShellScriptBuildPhase;
			buildActionMask = 2147483647;
			files = (
			);
			inputPaths = (
			);
			name = "[CP] Check Pods Manifest.lock";
			outputPaths = (
			);
			runOnlyForDeploymentPostprocessing = 0;
			shellPath = /bin/sh;
			shellScript = "diff \"${PODS_ROOT}/../Podfile.lock\" \"${PODS_ROOT}/Manifest.lock\" > /dev/null\nif [ $? != 0 ] ; then\n    # print error to STDERR\n    echo \"error: The sandbox is not in sync with the Podfile.lock. Run 'pod install' or update your CocoaPods installation.\" >&2\n    exit 1\nfi\n";
			showEnvVarsInLog = 0;
		};
/* End PBXShellScriptBuildPhase section */

/* Begin PBXSourcesBuildPhase section */
		B6754FB51C196A710014C80F /* Sources */ = {
			isa = PBXSourcesBuildPhase;
			buildActionMask = 2147483647;
			files = (
				B6754FC41C196A710014C80F /* GroupViewController.m in Sources */,
				B6754FD91C196F5C0014C80F /* TestTableViewCell.m in Sources */,
				B6026C721DC1AE6F004B86CA /* AhaLineView.m in Sources */,
				B68619601C8D5F2800A5A4C1 /* UITableViewCell+AhaLine.m in Sources */,
				B68619591C8D4DF300A5A4C1 /* PlainViewController.m in Sources */,
				B686195F1C8D5F2800A5A4C1 /* UITableView+AhaLine.m in Sources */,
				B6754FC11C196A710014C80F /* AppDelegate.m in Sources */,
				B68619551C8D4C5D00A5A4C1 /* HomeViewController.m in Sources */,
				B6754FBE1C196A710014C80F /* main.m in Sources */,
			);
			runOnlyForDeploymentPostprocessing = 0;
		};
/* End PBXSourcesBuildPhase section */

/* Begin PBXVariantGroup section */
		B6754FCA1C196A710014C80F /* LaunchScreen.storyboard */ = {
			isa = PBXVariantGroup;
			children = (
				B6754FCB1C196A710014C80F /* Base */,
			);
			name = LaunchScreen.storyboard;
			sourceTree = "<group>";
		};
/* End PBXVariantGroup section */

/* Begin XCBuildConfiguration section */
		B6754FCE1C196A710014C80F /* Debug */ = {
			isa = XCBuildConfiguration;
			buildSettings = {
				ALWAYS_SEARCH_USER_PATHS = NO;
				CLANG_CXX_LANGUAGE_STANDARD = "gnu++0x";
				CLANG_CXX_LIBRARY = "libc++";
				CLANG_ENABLE_MODULES = YES;
				CLANG_ENABLE_OBJC_ARC = YES;
				CLANG_WARN_BOOL_CONVERSION = YES;
				CLANG_WARN_CONSTANT_CONVERSION = YES;
				CLANG_WARN_DIRECT_OBJC_ISA_USAGE = YES_ERROR;
				CLANG_WARN_EMPTY_BODY = YES;
				CLANG_WARN_ENUM_CONVERSION = YES;
				CLANG_WARN_INT_CONVERSION = YES;
				CLANG_WARN_OBJC_ROOT_CLASS = YES_ERROR;
				CLANG_WARN_UNREACHABLE_CODE = YES;
				CLANG_WARN__DUPLICATE_METHOD_MATCH = YES;
				"CODE_SIGN_IDENTITY[sdk=iphoneos*]" = "iPhone Developer";
				COPY_PHASE_STRIP = NO;
				DEBUG_INFORMATION_FORMAT = dwarf;
				ENABLE_STRICT_OBJC_MSGSEND = YES;
				ENABLE_TESTABILITY = YES;
				GCC_C_LANGUAGE_STANDARD = gnu99;
				GCC_DYNAMIC_NO_PIC = NO;
				GCC_NO_COMMON_BLOCKS = YES;
				GCC_OPTIMIZATION_LEVEL = 0;
				GCC_PREPROCESSOR_DEFINITIONS = (
					"DEBUG=1",
					"$(inherited)",
				);
				GCC_WARN_64_TO_32_BIT_CONVERSION = YES;
				GCC_WARN_ABOUT_RETURN_TYPE = YES_ERROR;
				GCC_WARN_UNDECLARED_SELECTOR = YES;
				GCC_WARN_UNINITIALIZED_AUTOS = YES_AGGRESSIVE;
				GCC_WARN_UNUSED_FUNCTION = YES;
				GCC_WARN_UNUSED_VARIABLE = YES;
				IPHONEOS_DEPLOYMENT_TARGET = 9.2;
				MTL_ENABLE_DEBUG_INFO = YES;
				ONLY_ACTIVE_ARCH = YES;
				SDKROOT = iphoneos;
			};
			name = Debug;
		};
		B6754FCF1C196A710014C80F /* Release */ = {
			isa = XCBuildConfiguration;
			buildSettings = {
				ALWAYS_SEARCH_USER_PATHS = NO;
				CLANG_CXX_LANGUAGE_STANDARD = "gnu++0x";
				CLANG_CXX_LIBRARY = "libc++";
				CLANG_ENABLE_MODULES = YES;
				CLANG_ENABLE_OBJC_ARC = YES;
				CLANG_WARN_BOOL_CONVERSION = YES;
				CLANG_WARN_CONSTANT_CONVERSION = YES;
				CLANG_WARN_DIRECT_OBJC_ISA_USAGE = YES_ERROR;
				CLANG_WARN_EMPTY_BODY = YES;
				CLANG_WARN_ENUM_CONVERSION = YES;
				CLANG_WARN_INT_CONVERSION = YES;
				CLANG_WARN_OBJC_ROOT_CLASS = YES_ERROR;
				CLANG_WARN_UNREACHABLE_CODE = YES;
				CLANG_WARN__DUPLICATE_METHOD_MATCH = YES;
				"CODE_SIGN_IDENTITY[sdk=iphoneos*]" = "iPhone Developer";
				COPY_PHASE_STRIP = NO;
				DEBUG_INFORMATION_FORMAT = "dwarf-with-dsym";
				ENABLE_NS_ASSERTIONS = NO;
				ENABLE_STRICT_OBJC_MSGSEND = YES;
				GCC_C_LANGUAGE_STANDARD = gnu99;
				GCC_NO_COMMON_BLOCKS = YES;
				GCC_WARN_64_TO_32_BIT_CONVERSION = YES;
				GCC_WARN_ABOUT_RETURN_TYPE = YES_ERROR;
				GCC_WARN_UNDECLARED_SELECTOR = YES;
				GCC_WARN_UNINITIALIZED_AUTOS = YES_AGGRESSIVE;
				GCC_WARN_UNUSED_FUNCTION = YES;
				GCC_WARN_UNUSED_VARIABLE = YES;
				IPHONEOS_DEPLOYMENT_TARGET = 9.2;
				MTL_ENABLE_DEBUG_INFO = NO;
				SDKROOT = iphoneos;
				VALIDATE_PRODUCT = YES;
			};
			name = Release;
		};
		B6754FD11C196A710014C80F /* Debug */ = {
			isa = XCBuildConfiguration;
			baseConfigurationReference = 91E03230F831EE2BF75CBBCB /* Pods-AhaLineTableViewCell.debug.xcconfig */;
			buildSettings = {
				ASSETCATALOG_COMPILER_APPICON_NAME = AppIcon;
				INFOPLIST_FILE = AhaLineTableViewCell/Info.plist;
				LD_RUNPATH_SEARCH_PATHS = "$(inherited) @executable_path/Frameworks";
				PRODUCT_BUNDLE_IDENTIFIER = com.livv.AhaLineTableViewCell;
				PRODUCT_NAME = "$(TARGET_NAME)";
			};
			name = Debug;
		};
		B6754FD21C196A710014C80F /* Release */ = {
			isa = XCBuildConfiguration;
			baseConfigurationReference = 482C2C2252110FEE450000F8 /* Pods-AhaLineTableViewCell.release.xcconfig */;
			buildSettings = {
				ASSETCATALOG_COMPILER_APPICON_NAME = AppIcon;
				INFOPLIST_FILE = AhaLineTableViewCell/Info.plist;
				LD_RUNPATH_SEARCH_PATHS = "$(inherited) @executable_path/Frameworks";
				PRODUCT_BUNDLE_IDENTIFIER = com.livv.AhaLineTableViewCell;
				PRODUCT_NAME = "$(TARGET_NAME)";
			};
			name = Release;
		};
/* End XCBuildConfiguration section */

/* Begin XCConfigurationList section */
		B6754FB41C196A710014C80F /* Build configuration list for PBXProject "AhaLineTableViewCell" */ = {
			isa = XCConfigurationList;
			buildConfigurations = (
				B6754FCE1C196A710014C80F /* Debug */,
				B6754FCF1C196A710014C80F /* Release */,
			);
			defaultConfigurationIsVisible = 0;
			defaultConfigurationName = Release;
		};
		B6754FD01C196A710014C80F /* Build configuration list for PBXNativeTarget "AhaLineTableViewCell" */ = {
			isa = XCConfigurationList;
			buildConfigurations = (
				B6754FD11C196A710014C80F /* Debug */,
				B6754FD21C196A710014C80F /* Release */,
			);
			defaultConfigurationIsVisible = 0;
			defaultConfigurationName = Release;
		};
/* End XCConfigurationList section */
	};
	rootObject = B6754FB11C196A710014C80F /* Project object */;
}
